{
  "name": "PixiShooter",
  "version": "1.0.0",
  "lockfileVersion": 1,
  "requires": true,
  "dependencies": {
    "pixi-particles": {
      "version": "4.2.0",
      "resolved": "https://registry.npmjs.org/pixi-particles/-/pixi-particles-4.2.0.tgz",
      "integrity": "sha512-20aNuzrKtkpZZA8m4+fp56RwZMPaWnRkoTGPr6U+35XyRJoGlH13adSLiknL3TU0FGmGHKUw4fYAhn41Ujq3xQ=="
    }
  }
}
